
Microsoft Visual Studio Solution File, Format Version 12.00
# Visual Studio Version 16
VisualStudioVersion = 16.0.30717.126
MinimumVisualStudioVersion = 10.0.40219.1
Project("{9A19103F-16F7-4668-BE54-9A1E7A4F7556}") = "CreeptoBot", "CreeptoBot\CreeptoBot.csproj", "{E092A381-8390-4FBA-89A4-71E324A3EBD6}"
EndProject
Project("{2150E333-8FDC-42A3-9474-1A3956D46DE8}") = "Tests", "Tests", "{A3B42ED7-E3A3-443A-AA8E-D70F4B239739}"
EndProject
Project("{FAE04EC0-301F-11D3-BF4B-00C04F79EFBC}") = "TechnicalAnalysis.Tests", "TechnicalAnalysis.Tests\TechnicalAnalysis.Tests.csproj", "{5970DEBF-D9A6-4A56-B612-C1CAC1D1E5E8}"
EndProject
Global
	GlobalSection(SolutionConfigurationPlatforms) = preSolution
		Debug|Any CPU = Debug|Any CPU
		Release|Any CPU = Release|Any CPU
	EndGlobalSection
	GlobalSection(ProjectConfigurationPlatforms) = postSolution
		{E092A381-8390-4FBA-89A4-71E324A3EBD6}.Debug|Any CPU.ActiveCfg = Debug|Any CPU
		{E092A381-8390-4FBA-89A4-71E324A3EBD6}.Debug|Any CPU.Build.0 = Debug|Any CPU
		{E092A381-8390-4FBA-89A4-71E324A3EBD6}.Release|Any CPU.ActiveCfg = Release|Any CPU
		{E092A381-8390-4FBA-89A4-71E324A3EBD6}.Release|Any CPU.Build.0 = Release|Any CPU
		{5970DEBF-D9A6-4A56-B612-C1CAC1D1E5E8}.Debug|Any CPU.ActiveCfg = Debug|Any CPU
		{5970DEBF-D9A6-4A56-B612-C1CAC1D1E5E8}.Debug|Any CPU.Build.0 = Debug|Any CPU
		{5970DEBF-D9A6-4A56-B612-C1CAC1D1E5E8}.Release|Any CPU.ActiveCfg = Release|Any CPU
		{5970DEBF-D9A6-4A56-B612-C1CAC1D1E5E8}.Release|Any CPU.Build.0 = Release|Any CPU
	EndGlobalSection
	GlobalSection(SolutionProperties) = preSolution
		HideSolutionNode = FALSE
	EndGlobalSection
	GlobalSection(NestedProjects) = preSolution
		{5970DEBF-D9A6-4A56-B612-C1CAC1D1E5E8} = {A3B42ED7-E3A3-443A-AA8E-D70F4B239739}
	EndGlobalSection
	GlobalSection(ExtensibilityGlobals) = postSolution
		SolutionGuid = {CFD0B7ED-34B5-4A41-8CB2-4B557FD6C224}
	EndGlobalSection
EndGlobal
